
Microsoft Visual Studio Solution File, Format Version 12.00
# Visual Studio Version 17
VisualStudioVersion = 17.6.33815.320
MinimumVisualStudioVersion = 10.0.40219.1
Project("{8BC9CEB8-8B4A-11D0-8D11-00A0C91BC942}") = "LTCB_XuatSoDaoNguoc", "LTCB_XuatSoDaoNguoc.vcxproj", "{B09BCA89-A3EC-4F06-9743-3B79DEA21A91}"
EndProject
Global
	GlobalSection(SolutionConfigurationPlatforms) = preSolution
		Debug|x64 = Debug|x64
		Debug|x86 = Debug|x86
		Release|x64 = Release|x64
		Release|x86 = Release|x86
	EndGlobalSection
	GlobalSection(ProjectConfigurationPlatforms) = postSolution
		{B09BCA89-A3EC-4F06-9743-3B79DEA21A91}.Debug|x64.ActiveCfg = Debug|x64
		{B09BCA89-A3EC-4F06-9743-3B79DEA21A91}.Debug|x64.Build.0 = Debug|x64
		{B09BCA89-A3EC-4F06-9743-3B79DEA21A91}.Debug|x86.ActiveCfg = Debug|Win32
		{B09BCA89-A3EC-4F06-9743-3B79DEA21A91}.Debug|x86.Build.0 = Debug|Win32
		{B09BCA89-A3EC-4F06-9743-3B79DEA21A91}.Release|x64.ActiveCfg = Release|x64
		{B09BCA89-A3EC-4F06-9743-3B79DEA21A91}.Release|x64.Build.0 = Release|x64
		{B09BCA89-A3EC-4F06-9743-3B79DEA21A91}.Release|x86.ActiveCfg = Release|Win32
		{B09BCA89-A3EC-4F06-9743-3B79DEA21A91}.Release|x86.Build.0 = Release|Win32
	EndGlobalSection
	GlobalSection(SolutionProperties) = preSolution
		HideSolutionNode = FALSE
	EndGlobalSection
	GlobalSection(ExtensibilityGlobals) = postSolution
		SolutionGuid = {7700FE33-BABC-4390-85AD-A64AAC37BD0E}
	EndGlobalSection
EndGlobal
